
Microsoft Visual Studio Solution File, Format Version 12.00
# Visual Studio 15
VisualStudioVersion = 15.0.28307.136
MinimumVisualStudioVersion = 10.0.40219.1
Project("{FAE04EC0-301F-11D3-BF4B-00C04F79EFBC}") = "11 - CRUDPersonasAJAXAPI", "11 - CRUDPersonasAJAXAPI\11 - CRUDPersonasAJAXAPI.csproj", "{80F2FCA7-DC95-4B83-A7B9-FFAB94313A7E}"
EndProject
Global
	GlobalSection(SolutionConfigurationPlatforms) = preSolution
		Debug|Any CPU = Debug|Any CPU
		Release|Any CPU = Release|Any CPU
	EndGlobalSection
	GlobalSection(ProjectConfigurationPlatforms) = postSolution
		{80F2FCA7-DC95-4B83-A7B9-FFAB94313A7E}.Debug|Any CPU.ActiveCfg = Debug|Any CPU
		{80F2FCA7-DC95-4B83-A7B9-FFAB94313A7E}.Debug|Any CPU.Build.0 = Debug|Any CPU
		{80F2FCA7-DC95-4B83-A7B9-FFAB94313A7E}.Release|Any CPU.ActiveCfg = Release|Any CPU
		{80F2FCA7-DC95-4B83-A7B9-FFAB94313A7E}.Release|Any CPU.Build.0 = Release|Any CPU
	EndGlobalSection
	GlobalSection(SolutionProperties) = preSolution
		HideSolutionNode = FALSE
	EndGlobalSection
	GlobalSection(ExtensibilityGlobals) = postSolution
		SolutionGuid = {08FBBEEC-7954-438D-94A0-C66B1571513D}
	EndGlobalSection
EndGlobal
